{"filter":false,"title":"Gemfile.lock","tooltip":"/Gemfile.lock","undoManager":{"mark":8,"position":8,"stack":[[{"start":{"row":1,"column":31},"end":{"row":1,"column":32},"action":"insert","lines":["f"],"id":4}],[{"start":{"row":1,"column":31},"end":{"row":1,"column":32},"action":"remove","lines":["f"],"id":5}],[{"start":{"row":5,"column":0},"end":{"row":6,"column":0},"action":"remove","lines":["      actionpack (= 5.0.6)",""],"id":6}],[{"start":{"row":8,"column":0},"end":{"row":9,"column":0},"action":"remove","lines":["      actionpack (= 5.0.6)",""],"id":7}],[{"start":{"row":168,"column":0},"end":{"row":169,"column":0},"action":"remove","lines":["      actionpack (= 5.0.6)",""],"id":8}],[{"start":{"row":190,"column":0},"end":{"row":191,"column":0},"action":"remove","lines":["      actionpack (= 5.0.6)",""],"id":9}],[{"start":{"row":196,"column":0},"end":{"row":197,"column":0},"action":"remove","lines":["      actionpack (>= 3.0)",""],"id":11}],[{"start":{"row":205,"column":0},"end":{"row":206,"column":0},"action":"remove","lines":["      actionpack (>= 4.2.0, < 5.3)",""],"id":12}],[{"start":{"row":226,"column":0},"end":{"row":227,"column":0},"action":"remove","lines":["      actionpack (>= 4.0)",""],"id":13}]]},"ace":{"folds":[],"scrolltop":372.5,"scrollleft":0,"selection":{"start":{"row":35,"column":17},"end":{"row":35,"column":21},"isBackwards":false},"options":{"guessTabSize":true,"useWrapMode":false,"wrapToView":true},"firstLineState":{"row":22,"state":"start","mode":"ace/mode/text"}},"timestamp":1511229504980,"hash":"9c16586c8c26adefaa712e589ead61a3bc73dbfd"}