{"filter":false,"title":"Gemfile.lock","tooltip":"/Gemfile.lock","undoManager":{"mark":1,"position":1,"stack":[[{"start":{"row":230,"column":19},"end":{"row":230,"column":20},"action":"remove","lines":["1"],"id":2}],[{"start":{"row":230,"column":19},"end":{"row":230,"column":20},"action":"insert","lines":["2"],"id":3}]]},"ace":{"folds":[],"scrolltop":3460,"scrollleft":0,"selection":{"start":{"row":236,"column":6},"end":{"row":236,"column":15},"isBackwards":false},"options":{"guessTabSize":true,"useWrapMode":false,"wrapToView":true},"firstLineState":{"row":229,"state":"start","mode":"ace/mode/text"}},"timestamp":1530415752873,"hash":"e8e30168787792fabc217795a90aaba2be515620"}