{"filter":false,"title":"Gemfile.lock","tooltip":"/Gemfile.lock","undoManager":{"mark":13,"position":13,"stack":[[{"start":{"row":303,"column":9},"end":{"row":303,"column":10},"action":"insert","lines":["r"],"id":2}],[{"start":{"row":303,"column":10},"end":{"row":303,"column":11},"action":"insert","lines":["a"],"id":3}],[{"start":{"row":303,"column":10},"end":{"row":303,"column":11},"action":"remove","lines":["a"],"id":4}],[{"start":{"row":303,"column":9},"end":{"row":303,"column":10},"action":"remove","lines":["r"],"id":5}],[{"start":{"row":240,"column":0},"end":{"row":241,"column":0},"action":"remove","lines":["      railties (>= 3.1.0)",""],"id":6}],[{"start":{"row":212,"column":0},"end":{"row":213,"column":0},"action":"remove","lines":["      railties (>= 4.0.0, < 6)",""],"id":7}],[{"start":{"row":205,"column":0},"end":{"row":206,"column":0},"action":"remove","lines":["      railties (>= 4.2.0, < 5.3)",""],"id":8}],[{"start":{"row":189,"column":0},"end":{"row":190,"column":0},"action":"remove","lines":["    railties (5.0.6)",""],"id":9}],[{"start":{"row":174,"column":0},"end":{"row":175,"column":0},"action":"remove","lines":["      railties (= 5.0.6)",""],"id":10}],[{"start":{"row":127,"column":0},"end":{"row":128,"column":0},"action":"remove","lines":["      railties (>= 3.1)",""],"id":11}],[{"start":{"row":108,"column":0},"end":{"row":109,"column":0},"action":"remove","lines":["      railties (>= 3.2.16)",""],"id":12}],[{"start":{"row":105,"column":0},"end":{"row":106,"column":0},"action":"remove","lines":["      railties (>= 4.2.0)",""],"id":13}],[{"start":{"row":78,"column":0},"end":{"row":79,"column":0},"action":"remove","lines":["      railties (>= 4.1.0, < 5.2)",""],"id":14}],[{"start":{"row":64,"column":0},"end":{"row":65,"column":0},"action":"remove","lines":["      railties (>= 4.0.0)",""],"id":15}]]},"ace":{"folds":[],"scrolltop":3867,"scrollleft":0,"selection":{"start":{"row":245,"column":19},"end":{"row":245,"column":19},"isBackwards":false},"options":{"guessTabSize":true,"useWrapMode":false,"wrapToView":true},"firstLineState":{"row":240,"state":"start","mode":"ace/mode/text"}},"timestamp":1512026140671,"hash":"9d719469c2fd35a1882f7fe44a4f8b38c66b10c0"}